
Microsoft Visual Studio Solution File, Format Version 12.00
# Visual Studio 15
VisualStudioVersion = 15.0.27703.2026
MinimumVisualStudioVersion = 10.0.40219.1
Project("{9A19103F-16F7-4668-BE54-9A1E7A4F7556}") = "RSOI", "RSOI\RSOI.csproj", "{531E25BA-26A4-4A13-B5D9-E0A2BDD2E6E2}"
EndProject
Project("{9A19103F-16F7-4668-BE54-9A1E7A4F7556}") = "Models", "Models\Models.csproj", "{074EA9BF-CC22-490E-8E2A-38AD7206E205}"
EndProject
Project("{9A19103F-16F7-4668-BE54-9A1E7A4F7556}") = "DataBaseServer", "DataBaseServer\DataBaseServer.csproj", "{D23FC63E-8459-4E19-90D1-F5D65AD6AE1E}"
EndProject
Project("{9A19103F-16F7-4668-BE54-9A1E7A4F7556}") = "GRPCService", "GRPCService\GRPCService.csproj", "{87628FEF-B53B-4F79-A5CB-33D02A060304}"
EndProject
Project("{9A19103F-16F7-4668-BE54-9A1E7A4F7556}") = "JobExecutor", "JobExecutor\JobExecutor.csproj", "{4690635D-D0DE-4160-A0B3-62B902929C9A}"
EndProject
Project("{9A19103F-16F7-4668-BE54-9A1E7A4F7556}") = "RecognizePdfServer", "RecognizePdfServer\RecognizePdfServer.csproj", "{055B2334-1DA9-48FA-9025-E283C7800125}"
EndProject
Project("{9A19103F-16F7-4668-BE54-9A1E7A4F7556}") = "FileServer", "FileServer\FileServer.csproj", "{B00EF470-3692-4D18-BFE5-61757C61DA2F}"
EndProject
Project("{9A19103F-16F7-4668-BE54-9A1E7A4F7556}") = "RSOI.Test", "RSOI.Test\RSOI.Test.csproj", "{27D1332A-B452-4033-8447-1A6C4DAEF219}"
EndProject
Project("{FAE04EC0-301F-11D3-BF4B-00C04F79EFBC}") = "AuthServer", "AuthServer\AuthServer.csproj", "{72B8F01A-4C8F-48E9-908D-0152D5600FED}"
EndProject
Project("{FAE04EC0-301F-11D3-BF4B-00C04F79EFBC}") = "AuthOptions", "AuthOptions\AuthOptions.csproj", "{6DE69344-419D-4AA8-85CD-60F0EACC9B98}"
EndProject
Project("{FAE04EC0-301F-11D3-BF4B-00C04F79EFBC}") = "DataBaseManager", "DataBaseManager\DataBaseManager.csproj", "{1B80B08B-8EAF-439D-9AAF-A0F1F53E67FF}"
EndProject
Global
	GlobalSection(SolutionConfigurationPlatforms) = preSolution
		Debug|Any CPU = Debug|Any CPU
		Release|Any CPU = Release|Any CPU
	EndGlobalSection
	GlobalSection(ProjectConfigurationPlatforms) = postSolution
		{531E25BA-26A4-4A13-B5D9-E0A2BDD2E6E2}.Debug|Any CPU.ActiveCfg = Debug|Any CPU
		{531E25BA-26A4-4A13-B5D9-E0A2BDD2E6E2}.Debug|Any CPU.Build.0 = Debug|Any CPU
		{531E25BA-26A4-4A13-B5D9-E0A2BDD2E6E2}.Release|Any CPU.ActiveCfg = Release|Any CPU
		{531E25BA-26A4-4A13-B5D9-E0A2BDD2E6E2}.Release|Any CPU.Build.0 = Release|Any CPU
		{074EA9BF-CC22-490E-8E2A-38AD7206E205}.Debug|Any CPU.ActiveCfg = Debug|Any CPU
		{074EA9BF-CC22-490E-8E2A-38AD7206E205}.Debug|Any CPU.Build.0 = Debug|Any CPU
		{074EA9BF-CC22-490E-8E2A-38AD7206E205}.Release|Any CPU.ActiveCfg = Release|Any CPU
		{074EA9BF-CC22-490E-8E2A-38AD7206E205}.Release|Any CPU.Build.0 = Release|Any CPU
		{D23FC63E-8459-4E19-90D1-F5D65AD6AE1E}.Debug|Any CPU.ActiveCfg = Debug|Any CPU
		{D23FC63E-8459-4E19-90D1-F5D65AD6AE1E}.Debug|Any CPU.Build.0 = Debug|Any CPU
		{D23FC63E-8459-4E19-90D1-F5D65AD6AE1E}.Release|Any CPU.ActiveCfg = Release|Any CPU
		{D23FC63E-8459-4E19-90D1-F5D65AD6AE1E}.Release|Any CPU.Build.0 = Release|Any CPU
		{87628FEF-B53B-4F79-A5CB-33D02A060304}.Debug|Any CPU.ActiveCfg = Debug|Any CPU
		{87628FEF-B53B-4F79-A5CB-33D02A060304}.Debug|Any CPU.Build.0 = Debug|Any CPU
		{87628FEF-B53B-4F79-A5CB-33D02A060304}.Release|Any CPU.ActiveCfg = Release|Any CPU
		{87628FEF-B53B-4F79-A5CB-33D02A060304}.Release|Any CPU.Build.0 = Release|Any CPU
		{4690635D-D0DE-4160-A0B3-62B902929C9A}.Debug|Any CPU.ActiveCfg = Debug|Any CPU
		{4690635D-D0DE-4160-A0B3-62B902929C9A}.Debug|Any CPU.Build.0 = Debug|Any CPU
		{4690635D-D0DE-4160-A0B3-62B902929C9A}.Release|Any CPU.ActiveCfg = Release|Any CPU
		{4690635D-D0DE-4160-A0B3-62B902929C9A}.Release|Any CPU.Build.0 = Release|Any CPU
		{055B2334-1DA9-48FA-9025-E283C7800125}.Debug|Any CPU.ActiveCfg = Debug|Any CPU
		{055B2334-1DA9-48FA-9025-E283C7800125}.Debug|Any CPU.Build.0 = Debug|Any CPU
		{055B2334-1DA9-48FA-9025-E283C7800125}.Release|Any CPU.ActiveCfg = Release|Any CPU
		{055B2334-1DA9-48FA-9025-E283C7800125}.Release|Any CPU.Build.0 = Release|Any CPU
		{B00EF470-3692-4D18-BFE5-61757C61DA2F}.Debug|Any CPU.ActiveCfg = Debug|Any CPU
		{B00EF470-3692-4D18-BFE5-61757C61DA2F}.Debug|Any CPU.Build.0 = Debug|Any CPU
		{B00EF470-3692-4D18-BFE5-61757C61DA2F}.Release|Any CPU.ActiveCfg = Release|Any CPU
		{B00EF470-3692-4D18-BFE5-61757C61DA2F}.Release|Any CPU.Build.0 = Release|Any CPU
		{27D1332A-B452-4033-8447-1A6C4DAEF219}.Debug|Any CPU.ActiveCfg = Debug|Any CPU
		{27D1332A-B452-4033-8447-1A6C4DAEF219}.Debug|Any CPU.Build.0 = Debug|Any CPU
		{27D1332A-B452-4033-8447-1A6C4DAEF219}.Release|Any CPU.ActiveCfg = Release|Any CPU
		{27D1332A-B452-4033-8447-1A6C4DAEF219}.Release|Any CPU.Build.0 = Release|Any CPU
		{72B8F01A-4C8F-48E9-908D-0152D5600FED}.Debug|Any CPU.ActiveCfg = Debug|Any CPU
		{72B8F01A-4C8F-48E9-908D-0152D5600FED}.Debug|Any CPU.Build.0 = Debug|Any CPU
		{72B8F01A-4C8F-48E9-908D-0152D5600FED}.Release|Any CPU.ActiveCfg = Release|Any CPU
		{72B8F01A-4C8F-48E9-908D-0152D5600FED}.Release|Any CPU.Build.0 = Release|Any CPU
		{6DE69344-419D-4AA8-85CD-60F0EACC9B98}.Debug|Any CPU.ActiveCfg = Debug|Any CPU
		{6DE69344-419D-4AA8-85CD-60F0EACC9B98}.Debug|Any CPU.Build.0 = Debug|Any CPU
		{6DE69344-419D-4AA8-85CD-60F0EACC9B98}.Release|Any CPU.ActiveCfg = Release|Any CPU
		{6DE69344-419D-4AA8-85CD-60F0EACC9B98}.Release|Any CPU.Build.0 = Release|Any CPU
		{1B80B08B-8EAF-439D-9AAF-A0F1F53E67FF}.Debug|Any CPU.ActiveCfg = Debug|Any CPU
		{1B80B08B-8EAF-439D-9AAF-A0F1F53E67FF}.Debug|Any CPU.Build.0 = Debug|Any CPU
		{1B80B08B-8EAF-439D-9AAF-A0F1F53E67FF}.Release|Any CPU.ActiveCfg = Release|Any CPU
		{1B80B08B-8EAF-439D-9AAF-A0F1F53E67FF}.Release|Any CPU.Build.0 = Release|Any CPU
	EndGlobalSection
	GlobalSection(SolutionProperties) = preSolution
		HideSolutionNode = FALSE
	EndGlobalSection
	GlobalSection(ExtensibilityGlobals) = postSolution
		SolutionGuid = {E455A139-D087-467F-B527-92AB2AE9A870}
	EndGlobalSection
EndGlobal
